// !$*UTF8*$!
{
	archiveVersion = 1;
	classes = {
	};
	objectVersion = 46;
	objects = {

/* Begin PBXBuildFile section */
		A7E079B619CA620900514F37 /* AppDelegate.swift in Sources */ = {isa = PBXBuildFile; fileRef = A7E079B519CA620900514F37 /* AppDelegate.swift */; };
		A7E079B819CA620900514F37 /* ViewController.swift in Sources */ = {isa = PBXBuildFile; fileRef = A7E079B719CA620900514F37 /* ViewController.swift */; };
		A7E079BB19CA620900514F37 /* Main.storyboard in Resources */ = {isa = PBXBuildFile; fileRef = A7E079B919CA620900514F37 /* Main.storyboard */; };
		A7E079BD19CA620900514F37 /* Images.xcassets in Resources */ = {isa = PBXBuildFile; fileRef = A7E079BC19CA620900514F37 /* Images.xcassets */; };
		A7E079C019CA620900514F37 /* LaunchScreen.xib in Resources */ = {isa = PBXBuildFile; fileRef = A7E079BE19CA620900514F37 /* LaunchScreen.xib */; };
		A7E079CC19CA620900514F37 /* How_Many_FingersTests.swift in Sources */ = {isa = PBXBuildFile; fileRef = A7E079CB19CA620900514F37 /* How_Many_FingersTests.swift */; };
/* End PBXBuildFile section */

/* Begin PBXContainerItemProxy section */
		A7E079C619CA620900514F37 /* PBXContainerItemProxy */ = {
			isa = PBXContainerItemProxy;
			containerPortal = A7E079A819CA620900514F37 /* Project object */;
			proxyType = 1;
			remoteGlobalIDString = A7E079AF19CA620900514F37;
			remoteInfo = "How Many Fingers";
		};
/* End PBXContainerItemProxy section */

/* Begin PBXFileReference section */
		A7E079B019CA620900514F37 /* How Many Fingers.app */ = {isa = PBXFileReference; explicitFileType = wrapper.application; includeInIndex = 0; path = "How Many Fingers.app"; sourceTree = BUILT_PRODUCTS_DIR; };
		A7E079B419CA620900514F37 /* Info.plist */ = {isa = PBXFileReference; lastKnownFileType = text.plist.xml; path = Info.plist; sourceTree = "<group>"; };
		A7E079B519CA620900514F37 /* AppDelegate.swift */ = {isa = PBXFileReference; lastKnownFileType = sourcecode.swift; path = AppDelegate.swift; sourceTree = "<group>"; };
		A7E079B719CA620900514F37 /* ViewController.swift */ = {isa = PBXFileReference; lastKnownFileType = sourcecode.swift; path = ViewController.swift; sourceTree = "<group>"; };
		A7E079BA19CA620900514F37 /* Base */ = {isa = PBXFileReference; lastKnownFileType = file.storyboard; name = Base; path = Base.lproj/Main.storyboard; sourceTree = "<group>"; };
		A7E079BC19CA620900514F37 /* Images.xcassets */ = {isa = PBXFileReference; lastKnownFileType = folder.assetcatalog; path = Images.xcassets; sourceTree = "<group>"; };
		A7E079BF19CA620900514F37 /* Base */ = {isa = PBXFileReference; lastKnownFileType = file.xib; name = Base; path = Base.lproj/LaunchScreen.xib; sourceTree = "<group>"; };
		A7E079C519CA620900514F37 /* How Many FingersTests.xctest */ = {isa = PBXFileReference; explicitFileType = wrapper.cfbundle; includeInIndex = 0; path = "How Many FingersTests.xctest"; sourceTree = BUILT_PRODUCTS_DIR; };
		A7E079CA19CA620900514F37 /* Info.plist */ = {isa = PBXFileReference; lastKnownFileType = text.plist.xml; path = Info.plist; sourceTree = "<group>"; };
		A7E079CB19CA620900514F37 /* How_Many_FingersTests.swift */ = {isa = PBXFileReference; lastKnownFileType = sourcecode.swift; path = How_Many_FingersTests.swift; sourceTree = "<group>"; };
/* End PBXFileReference section */

/* Begin PBXFrameworksBuildPhase section */
		A7E079AD19CA620900514F37 /* Frameworks */ = {
			isa = PBXFrameworksBuildPhase;
			buildActionMask = 2147483647;
			files = (
			);
			runOnlyForDeploymentPostprocessing = 0;
		};
		A7E079C219CA620900514F37 /* Frameworks */ = {
			isa = PBXFrameworksBuildPhase;
			buildActionMask = 2147483647;
			files = (
			);
			runOnlyForDeploymentPostprocessing = 0;
		};
/* End PBXFrameworksBuildPhase section */

/* Begin PBXGroup section */
		A7E079A719CA620900514F37 = {
			isa = PBXGroup;
			children = (
				A7E079B219CA620900514F37 /* How Many Fingers */,
				A7E079C819CA620900514F37 /* How Many FingersTests */,
				A7E079B119CA620900514F37 /* Products */,
			);
			sourceTree = "<group>";
		};
		A7E079B119CA620900514F37 /* Products */ = {
			isa = PBXGroup;
			children = (
				A7E079B019CA620900514F37 /* How Many Fingers.app */,
				A7E079C519CA620900514F37 /* How Many FingersTests.xctest */,
			);
			name = Products;
			sourceTree = "<group>";
		};
		A7E079B219CA620900514F37 /* How Many Fingers */ = {
			isa = PBXGroup;
			children = (
				A7E079B519CA620900514F37 /* AppDelegate.swift */,
				A7E079B719CA620900514F37 /* ViewController.swift */,
				A7E079B919CA620900514F37 /* Main.storyboard */,
				A7E079BC19CA620900514F37 /* Images.xcassets */,
				A7E079BE19CA620900514F37 /* LaunchScreen.xib */,
				A7E079B319CA620900514F37 /* Supporting Files */,
			);
			path = "How Many Fingers";
			sourceTree = "<group>";
		};
		A7E079B319CA620900514F37 /* Supporting Files */ = {
			isa = PBXGroup;
			children = (
				A7E079B419CA620900514F37 /* Info.plist */,
			);
			name = "Supporting Files";
			sourceTree = "<group>";
		};
		A7E079C819CA620900514F37 /* How Many FingersTests */ = {
			isa = PBXGroup;
			children = (
				A7E079CB19CA620900514F37 /* How_Many_FingersTests.swift */,
				A7E079C919CA620900514F37 /* Supporting Files */,
			);
			path = "How Many FingersTests";
			sourceTree = "<group>";
		};
		A7E079C919CA620900514F37 /* Supporting Files */ = {
			isa = PBXGroup;
			children = (
				A7E079CA19CA620900514F37 /* Info.plist */,
			);
			name = "Supporting Files";
			sourceTree = "<group>";
		};
/* End PBXGroup section */

/* Begin PBXNativeTarget section */
		A7E079AF19CA620900514F37 /* How Many Fingers */ = {
			isa = PBXNativeTarget;
			buildConfigurationList = A7E079CF19CA620900514F37 /* Build configuration list for PBXNativeTarget "How Many Fingers" */;
			buildPhases = (
				A7E079AC19CA620900514F37 /* Sources */,
				A7E079AD19CA620900514F37 /* Frameworks */,
				A7E079AE19CA620900514F37 /* Resources */,
			);
			buildRules = (
			);
			dependencies = (
			);
			name = "How Many Fingers";
			productName = "How Many Fingers";
			productReference = A7E079B019CA620900514F37 /* How Many Fingers.app */;
			productType = "com.apple.product-type.application";
		};
		A7E079C419CA620900514F37 /* How Many FingersTests */ = {
			isa = PBXNativeTarget;
			buildConfigurationList = A7E079D219CA620900514F37 /* Build configuration list for PBXNativeTarget "How Many FingersTests" */;
			buildPhases = (
				A7E079C119CA620900514F37 /* Sources */,
				A7E079C219CA620900514F37 /* Frameworks */,
				A7E079C319CA620900514F37 /* Resources */,
			);
			buildRules = (
			);
			dependencies = (
				A7E079C719CA620900514F37 /* PBXTargetDependency */,
			);
			name = "How Many FingersTests";
			productName = "How Many FingersTests";
			productReference = A7E079C519CA620900514F37 /* How Many FingersTests.xctest */;
			productType = "com.apple.product-type.bundle.unit-test";
		};
/* End PBXNativeTarget section */

/* Begin PBXProject section */
		A7E079A819CA620900514F37 /* Project object */ = {
			isa = PBXProject;
			attributes = {
				LastUpgradeCheck = 0600;
				ORGANIZATIONNAME = "Nathanial L. McConnell";
				TargetAttributes = {
					A7E079AF19CA620900514F37 = {
						CreatedOnToolsVersion = 6.0;
					};
					A7E079C419CA620900514F37 = {
						CreatedOnToolsVersion = 6.0;
						TestTargetID = A7E079AF19CA620900514F37;
					};
				};
			};
			buildConfigurationList = A7E079AB19CA620900514F37 /* Build configuration list for PBXProject "How Many Fingers" */;
			compatibilityVersion = "Xcode 3.2";
			developmentRegion = English;
			hasScannedForEncodings = 0;
			knownRegions = (
				en,
				Base,
			);
			mainGroup = A7E079A719CA620900514F37;
			productRefGroup = A7E079B119CA620900514F37 /* Products */;
			projectDirPath = "";
			projectRoot = "";
			targets = (
				A7E079AF19CA620900514F37 /* How Many Fingers */,
				A7E079C419CA620900514F37 /* How Many FingersTests */,
			);
		};
/* End PBXProject section */

/* Begin PBXResourcesBuildPhase section */
		A7E079AE19CA620900514F37 /* Resources */ = {
			isa = PBXResourcesBuildPhase;
			buildActionMask = 2147483647;
			files = (
				A7E079BB19CA620900514F37 /* Main.storyboard in Resources */,
				A7E079C019CA620900514F37 /* LaunchScreen.xib in Resources */,
				A7E079BD19CA620900514F37 /* Images.xcassets in Resources */,
			);
			runOnlyForDeploymentPostprocessing = 0;
		};
		A7E079C319CA620900514F37 /* Resources */ = {
			isa = PBXResourcesBuildPhase;
			buildActionMask = 2147483647;
			files = (
			);
			runOnlyForDeploymentPostprocessing = 0;
		};
/* End PBXResourcesBuildPhase section */

/* Begin PBXSourcesBuildPhase section */
		A7E079AC19CA620900514F37 /* Sources */ = {
			isa = PBXSourcesBuildPhase;
			buildActionMask = 2147483647;
			files = (
				A7E079B819CA620900514F37 /* ViewController.swift in Sources */,
				A7E079B619CA620900514F37 /* AppDelegate.swift in Sources */,
			);
			runOnlyForDeploymentPostprocessing = 0;
		};
		A7E079C119CA620900514F37 /* Sources */ = {
			isa = PBXSourcesBuildPhase;
			buildActionMask = 2147483647;
			files = (
				A7E079CC19CA620900514F37 /* How_Many_FingersTests.swift in Sources */,
			);
			runOnlyForDeploymentPostprocessing = 0;
		};
/* End PBXSourcesBuildPhase section */

/* Begin PBXTargetDependency section */
		A7E079C719CA620900514F37 /* PBXTargetDependency */ = {
			isa = PBXTargetDependency;
			target = A7E079AF19CA620900514F37 /* How Many Fingers */;
			targetProxy = A7E079C619CA620900514F37 /* PBXContainerItemProxy */;
		};
/* End PBXTargetDependency section */

/* Begin PBXVariantGroup section */
		A7E079B919CA620900514F37 /* Main.storyboard */ = {
			isa = PBXVariantGroup;
			children = (
				A7E079BA19CA620900514F37 /* Base */,
			);
			name = Main.storyboard;
			sourceTree = "<group>";
		};
		A7E079BE19CA620900514F37 /* LaunchScreen.xib */ = {
			isa = PBXVariantGroup;
			children = (
				A7E079BF19CA620900514F37 /* Base */,
			);
			name = LaunchScreen.xib;
			sourceTree = "<group>";
		};
/* End PBXVariantGroup section */

/* Begin XCBuildConfiguration section */
		A7E079CD19CA620900514F37 /* Debug */ = {
			isa = XCBuildConfiguration;
			buildSettings = {
				ALWAYS_SEARCH_USER_PATHS = NO;
				CLANG_CXX_LANGUAGE_STANDARD = "gnu++0x";
				CLANG_CXX_LIBRARY = "libc++";
				CLANG_ENABLE_MODULES = YES;
				CLANG_ENABLE_OBJC_ARC = YES;
				CLANG_WARN_BOOL_CONVERSION = YES;
				CLANG_WARN_CONSTANT_CONVERSION = YES;
				CLANG_WARN_DIRECT_OBJC_ISA_USAGE = YES_ERROR;
				CLANG_WARN_EMPTY_BODY = YES;
				CLANG_WARN_ENUM_CONVERSION = YES;
				CLANG_WARN_INT_CONVERSION = YES;
				CLANG_WARN_OBJC_ROOT_CLASS = YES_ERROR;
				CLANG_WARN_UNREACHABLE_CODE = YES;
				CLANG_WARN__DUPLICATE_METHOD_MATCH = YES;
				"CODE_SIGN_IDENTITY[sdk=iphoneos*]" = "iPhone Developer";
				COPY_PHASE_STRIP = NO;
				ENABLE_STRICT_OBJC_MSGSEND = YES;
				GCC_C_LANGUAGE_STANDARD = gnu99;
				GCC_DYNAMIC_NO_PIC = NO;
				GCC_OPTIMIZATION_LEVEL = 0;
				GCC_PREPROCESSOR_DEFINITIONS = (
					"DEBUG=1",
					"$(inherited)",
				);
				GCC_SYMBOLS_PRIVATE_EXTERN = NO;
				GCC_WARN_64_TO_32_BIT_CONVERSION = YES;
				GCC_WARN_ABOUT_RETURN_TYPE = YES_ERROR;
				GCC_WARN_UNDECLARED_SELECTOR = YES;
				GCC_WARN_UNINITIALIZED_AUTOS = YES_AGGRESSIVE;
				GCC_WARN_UNUSED_FUNCTION = YES;
				GCC_WARN_UNUSED_VARIABLE = YES;
				IPHONEOS_DEPLOYMENT_TARGET = 8.0;
				MTL_ENABLE_DEBUG_INFO = YES;
				ONLY_ACTIVE_ARCH = YES;
				SDKROOT = iphoneos;
				SWIFT_OPTIMIZATION_LEVEL = "-Onone";
			};
			name = Debug;
		};
		A7E079CE19CA620900514F37 /* Release */ = {
			isa = XCBuildConfiguration;
			buildSettings = {
				ALWAYS_SEARCH_USER_PATHS = NO;
				CLANG_CXX_LANGUAGE_STANDARD = "gnu++0x";
				CLANG_CXX_LIBRARY = "libc++";
				CLANG_ENABLE_MODULES = YES;
				CLANG_ENABLE_OBJC_ARC = YES;
				CLANG_WARN_BOOL_CONVERSION = YES;
				CLANG_WARN_CONSTANT_CONVERSION = YES;
				CLANG_WARN_DIRECT_OBJC_ISA_USAGE = YES_ERROR;
				CLANG_WARN_EMPTY_BODY = YES;
				CLANG_WARN_ENUM_CONVERSION = YES;
				CLANG_WARN_INT_CONVERSION = YES;
				CLANG_WARN_OBJC_ROOT_CLASS = YES_ERROR;
				CLANG_WARN_UNREACHABLE_CODE = YES;
				CLANG_WARN__DUPLICATE_METHOD_MATCH = YES;
				"CODE_SIGN_IDENTITY[sdk=iphoneos*]" = "iPhone Developer";
				COPY_PHASE_STRIP = YES;
				ENABLE_NS_ASSERTIONS = NO;
				ENABLE_STRICT_OBJC_MSGSEND = YES;
				GCC_C_LANGUAGE_STANDARD = gnu99;
				GCC_WARN_64_TO_32_BIT_CONVERSION = YES;
				GCC_WARN_ABOUT_RETURN_TYPE = YES_ERROR;
				GCC_WARN_UNDECLARED_SELECTOR = YES;
				GCC_WARN_UNINITIALIZED_AUTOS = YES_AGGRESSIVE;
				GCC_WARN_UNUSED_FUNCTION = YES;
				GCC_WARN_UNUSED_VARIABLE = YES;
				IPHONEOS_DEPLOYMENT_TARGET = 8.0;
				MTL_ENABLE_DEBUG_INFO = NO;
				SDKROOT = iphoneos;
				VALIDATE_PRODUCT = YES;
			};
			name = Release;
		};
		A7E079D019CA620900514F37 /* Debug */ = {
			isa = XCBuildConfiguration;
			buildSettings = {
				ASSETCATALOG_COMPILER_APPICON_NAME = AppIcon;
				INFOPLIST_FILE = "How Many Fingers/Info.plist";
				LD_RUNPATH_SEARCH_PATHS = "$(inherited) @executable_path/Frameworks";
				PRODUCT_NAME = "$(TARGET_NAME)";
			};
			name = Debug;
		};
		A7E079D119CA620900514F37 /* Release */ = {
			isa = XCBuildConfiguration;
			buildSettings = {
				ASSETCATALOG_COMPILER_APPICON_NAME = AppIcon;
				INFOPLIST_FILE = "How Many Fingers/Info.plist";
				LD_RUNPATH_SEARCH_PATHS = "$(inherited) @executable_path/Frameworks";
				PRODUCT_NAME = "$(TARGET_NAME)";
			};
			name = Release;
		};
		A7E079D319CA620900514F37 /* Debug */ = {
			isa = XCBuildConfiguration;
			buildSettings = {
				BUNDLE_LOADER = "$(TEST_HOST)";
				FRAMEWORK_SEARCH_PATHS = (
					"$(SDKROOT)/Developer/Library/Frameworks",
					"$(inherited)",
				);
				GCC_PREPROCESSOR_DEFINITIONS = (
					"DEBUG=1",
					"$(inherited)",
				);
				INFOPLIST_FILE = "How Many FingersTests/Info.plist";
				LD_RUNPATH_SEARCH_PATHS = "$(inherited) @executable_path/Frameworks @loader_path/Frameworks";
				PRODUCT_NAME = "$(TARGET_NAME)";
				TEST_HOST = "$(BUILT_PRODUCTS_DIR)/How Many Fingers.app/How Many Fingers";
			};
			name = Debug;
		};
		A7E079D419CA620900514F37 /* Release */ = {
			isa = XCBuildConfiguration;
			buildSettings = {
				BUNDLE_LOADER = "$(TEST_HOST)";
				FRAMEWORK_SEARCH_PATHS = (
					"$(SDKROOT)/Developer/Library/Frameworks",
					"$(inherited)",
				);
				INFOPLIST_FILE = "How Many FingersTests/Info.plist";
				LD_RUNPATH_SEARCH_PATHS = "$(inherited) @executable_path/Frameworks @loader_path/Frameworks";
				PRODUCT_NAME = "$(TARGET_NAME)";
				TEST_HOST = "$(BUILT_PRODUCTS_DIR)/How Many Fingers.app/How Many Fingers";
			};
			name = Release;
		};
/* End XCBuildConfiguration section */

/* Begin XCConfigurationList section */
		A7E079AB19CA620900514F37 /* Build configuration list for PBXProject "How Many Fingers" */ = {
			isa = XCConfigurationList;
			buildConfigurations = (
				A7E079CD19CA620900514F37 /* Debug */,
				A7E079CE19CA620900514F37 /* Release */,
			);
			defaultConfigurationIsVisible = 0;
			defaultConfigurationName = Release;
		};
		A7E079CF19CA620900514F37 /* Build configuration list for PBXNativeTarget "How Many Fingers" */ = {
			isa = XCConfigurationList;
			buildConfigurations = (
				A7E079D019CA620900514F37 /* Debug */,
				A7E079D119CA620900514F37 /* Release */,
			);
			defaultConfigurationIsVisible = 0;
		};
		A7E079D219CA620900514F37 /* Build configuration list for PBXNativeTarget "How Many FingersTests" */ = {
			isa = XCConfigurationList;
			buildConfigurations = (
				A7E079D319CA620900514F37 /* Debug */,
				A7E079D419CA620900514F37 /* Release */,
			);
			defaultConfigurationIsVisible = 0;
		};
/* End XCConfigurationList section */
	};
	rootObject = A7E079A819CA620900514F37 /* Project object */;
}
